// !$*UTF8*$!
{
	archiveVersion = 1;
	classes = {
	};
	objectVersion = 46;
	objects = {

/* Begin PBXBuildFile section */
		040AEF101E47AB300088E417 /* AppDelegate.swift in Sources */ = {isa = PBXBuildFile; fileRef = 040AEF0F1E47AB300088E417 /* AppDelegate.swift */; };
		040AEF121E47AB300088E417 /* ViewController.swift in Sources */ = {isa = PBXBuildFile; fileRef = 040AEF111E47AB300088E417 /* ViewController.swift */; };
		040AEF151E47AB300088E417 /* Main.storyboard in Resources */ = {isa = PBXBuildFile; fileRef = 040AEF131E47AB300088E417 /* Main.storyboard */; };
		040AEF181E47AB300088E417 /* funchatapp.xcdatamodeld in Sources */ = {isa = PBXBuildFile; fileRef = 040AEF161E47AB300088E417 /* funchatapp.xcdatamodeld */; };
		040AEF1A1E47AB300088E417 /* Assets.xcassets in Resources */ = {isa = PBXBuildFile; fileRef = 040AEF191E47AB300088E417 /* Assets.xcassets */; };
		040AEF1D1E47AB300088E417 /* LaunchScreen.storyboard in Resources */ = {isa = PBXBuildFile; fileRef = 040AEF1B1E47AB300088E417 /* LaunchScreen.storyboard */; };
		040AEF291E47AC800088E417 /* GoogleService-Info.plist in Resources */ = {isa = PBXBuildFile; fileRef = 040AEF281E47AC800088E417 /* GoogleService-Info.plist */; };
		042B76531E49541300A43B73 /* ProfileTableViewController.swift in Sources */ = {isa = PBXBuildFile; fileRef = 042B76521E49541300A43B73 /* ProfileTableViewController.swift */; };
		042B76551E4954C500A43B73 /* ChatViewController.swift in Sources */ = {isa = PBXBuildFile; fileRef = 042B76541E4954C500A43B73 /* ChatViewController.swift */; };
		042B76571E49558F00A43B73 /* SettingsViewController.swift in Sources */ = {isa = PBXBuildFile; fileRef = 042B76561E49558F00A43B73 /* SettingsViewController.swift */; };
		042E4F781E4B8C2300CE53AE /* chatTableViewCell.swift in Sources */ = {isa = PBXBuildFile; fileRef = 042E4F771E4B8C2300CE53AE /* chatTableViewCell.swift */; };
		042E4F7A1E4B925F00CE53AE /* User.swift in Sources */ = {isa = PBXBuildFile; fileRef = 042E4F791E4B925F00CE53AE /* User.swift */; };
		042E4F7C1E4B956E00CE53AE /* ProfileManager.swift in Sources */ = {isa = PBXBuildFile; fileRef = 042E4F7B1E4B956E00CE53AE /* ProfileManager.swift */; };
		046D4D691E4FFC96009BC0E2 /* ProfileTableViewCell.swift in Sources */ = {isa = PBXBuildFile; fileRef = 046D4D681E4FFC96009BC0E2 /* ProfileTableViewCell.swift */; };
		04C97E151E4A8BA10026C602 /* PostManager.swift in Sources */ = {isa = PBXBuildFile; fileRef = 04C97E141E4A8BA10026C602 /* PostManager.swift */; };
		04EDFB981E4A2EF000853720 /* FirebaseManager.swift in Sources */ = {isa = PBXBuildFile; fileRef = 04EDFB971E4A2EF000853720 /* FirebaseManager.swift */; };
		CA49D384AADB25D7CA1CA92C /* Pods_funchatapp.framework in Frameworks */ = {isa = PBXBuildFile; fileRef = 75FEC257FDAF03D1E3A2510F /* Pods_funchatapp.framework */; };
/* End PBXBuildFile section */

/* Begin PBXFileReference section */
		040AEF0C1E47AB300088E417 /* funchatapp.app */ = {isa = PBXFileReference; explicitFileType = wrapper.application; includeInIndex = 0; path = funchatapp.app; sourceTree = BUILT_PRODUCTS_DIR; };
		040AEF0F1E47AB300088E417 /* AppDelegate.swift */ = {isa = PBXFileReference; lastKnownFileType = sourcecode.swift; path = AppDelegate.swift; sourceTree = "<group>"; };
		040AEF111E47AB300088E417 /* ViewController.swift */ = {isa = PBXFileReference; lastKnownFileType = sourcecode.swift; path = ViewController.swift; sourceTree = "<group>"; };
		040AEF141E47AB300088E417 /* Base */ = {isa = PBXFileReference; lastKnownFileType = file.storyboard; name = Base; path = Base.lproj/Main.storyboard; sourceTree = "<group>"; };
		040AEF171E47AB300088E417 /* funchatapp.xcdatamodel */ = {isa = PBXFileReference; lastKnownFileType = wrapper.xcdatamodel; path = funchatapp.xcdatamodel; sourceTree = "<group>"; };
		040AEF191E47AB300088E417 /* Assets.xcassets */ = {isa = PBXFileReference; lastKnownFileType = folder.assetcatalog; path = Assets.xcassets; sourceTree = "<group>"; };
		040AEF1C1E47AB300088E417 /* Base */ = {isa = PBXFileReference; lastKnownFileType = file.storyboard; name = Base; path = Base.lproj/LaunchScreen.storyboard; sourceTree = "<group>"; };
		040AEF1E1E47AB300088E417 /* Info.plist */ = {isa = PBXFileReference; lastKnownFileType = text.plist.xml; path = Info.plist; sourceTree = "<group>"; };
		040AEF281E47AC800088E417 /* GoogleService-Info.plist */ = {isa = PBXFileReference; fileEncoding = 4; lastKnownFileType = text.plist.xml; path = "GoogleService-Info.plist"; sourceTree = "<group>"; };
		040AEF3A1E4901FE0088E417 /* funchatapp.entitlements */ = {isa = PBXFileReference; lastKnownFileType = text.plist.entitlements; path = funchatapp.entitlements; sourceTree = "<group>"; };
		042B76521E49541300A43B73 /* ProfileTableViewController.swift */ = {isa = PBXFileReference; fileEncoding = 4; lastKnownFileType = sourcecode.swift; path = ProfileTableViewController.swift; sourceTree = "<group>"; };
		042B76541E4954C500A43B73 /* ChatViewController.swift */ = {isa = PBXFileReference; fileEncoding = 4; lastKnownFileType = sourcecode.swift; path = ChatViewController.swift; sourceTree = "<group>"; };
		042B76561E49558F00A43B73 /* SettingsViewController.swift */ = {isa = PBXFileReference; fileEncoding = 4; lastKnownFileType = sourcecode.swift; path = SettingsViewController.swift; sourceTree = "<group>"; };
		042E4F771E4B8C2300CE53AE /* chatTableViewCell.swift */ = {isa = PBXFileReference; fileEncoding = 4; lastKnownFileType = sourcecode.swift; path = chatTableViewCell.swift; sourceTree = "<group>"; };
		042E4F791E4B925F00CE53AE /* User.swift */ = {isa = PBXFileReference; fileEncoding = 4; lastKnownFileType = sourcecode.swift; path = User.swift; sourceTree = "<group>"; };
		042E4F7B1E4B956E00CE53AE /* ProfileManager.swift */ = {isa = PBXFileReference; fileEncoding = 4; lastKnownFileType = sourcecode.swift; path = ProfileManager.swift; sourceTree = "<group>"; };
		046D4D681E4FFC96009BC0E2 /* ProfileTableViewCell.swift */ = {isa = PBXFileReference; fileEncoding = 4; lastKnownFileType = sourcecode.swift; path = ProfileTableViewCell.swift; sourceTree = "<group>"; };
		04C97E141E4A8BA10026C602 /* PostManager.swift */ = {isa = PBXFileReference; fileEncoding = 4; lastKnownFileType = sourcecode.swift; path = PostManager.swift; sourceTree = "<group>"; };
		04EDFB971E4A2EF000853720 /* FirebaseManager.swift */ = {isa = PBXFileReference; fileEncoding = 4; lastKnownFileType = sourcecode.swift; path = FirebaseManager.swift; sourceTree = "<group>"; };
		75FEC257FDAF03D1E3A2510F /* Pods_funchatapp.framework */ = {isa = PBXFileReference; explicitFileType = wrapper.framework; includeInIndex = 0; path = Pods_funchatapp.framework; sourceTree = BUILT_PRODUCTS_DIR; };
		98EED15E0A537D669E4828C8 /* Pods-funchatapp.debug.xcconfig */ = {isa = PBXFileReference; includeInIndex = 1; lastKnownFileType = text.xcconfig; name = "Pods-funchatapp.debug.xcconfig"; path = "Pods/Target Support Files/Pods-funchatapp/Pods-funchatapp.debug.xcconfig"; sourceTree = "<group>"; };
		D17EA5EB3AB187157F287C72 /* Pods-funchatapp.release.xcconfig */ = {isa = PBXFileReference; includeInIndex = 1; lastKnownFileType = text.xcconfig; name = "Pods-funchatapp.release.xcconfig"; path = "Pods/Target Support Files/Pods-funchatapp/Pods-funchatapp.release.xcconfig"; sourceTree = "<group>"; };
/* End PBXFileReference section */

/* Begin PBXFrameworksBuildPhase section */
		040AEF091E47AB300088E417 /* Frameworks */ = {
			isa = PBXFrameworksBuildPhase;
			buildActionMask = 2147483647;
			files = (
				CA49D384AADB25D7CA1CA92C /* Pods_funchatapp.framework in Frameworks */,
			);
			runOnlyForDeploymentPostprocessing = 0;
		};
/* End PBXFrameworksBuildPhase section */

/* Begin PBXGroup section */
		040AEF031E47AB300088E417 = {
			isa = PBXGroup;
			children = (
				040AEF0E1E47AB300088E417 /* funchatapp */,
				040AEF0D1E47AB300088E417 /* Products */,
				DA937992A1DD9145E9C0DB0E /* Pods */,
				5E77BC1CC8F4614D96F93360 /* Frameworks */,
			);
			sourceTree = "<group>";
		};
		040AEF0D1E47AB300088E417 /* Products */ = {
			isa = PBXGroup;
			children = (
				040AEF0C1E47AB300088E417 /* funchatapp.app */,
			);
			name = Products;
			sourceTree = "<group>";
		};
		040AEF0E1E47AB300088E417 /* funchatapp */ = {
			isa = PBXGroup;
			children = (
				040AEF3A1E4901FE0088E417 /* funchatapp.entitlements */,
				040AEF0F1E47AB300088E417 /* AppDelegate.swift */,
				040AEF111E47AB300088E417 /* ViewController.swift */,
				042B76521E49541300A43B73 /* ProfileTableViewController.swift */,
				042B76541E4954C500A43B73 /* ChatViewController.swift */,
				042E4F771E4B8C2300CE53AE /* chatTableViewCell.swift */,
				042B76561E49558F00A43B73 /* SettingsViewController.swift */,
				040AEF131E47AB300088E417 /* Main.storyboard */,
				040AEF191E47AB300088E417 /* Assets.xcassets */,
				040AEF1B1E47AB300088E417 /* LaunchScreen.storyboard */,
				040AEF1E1E47AB300088E417 /* Info.plist */,
				040AEF161E47AB300088E417 /* funchatapp.xcdatamodeld */,
				040AEF281E47AC800088E417 /* GoogleService-Info.plist */,
				04EDFB971E4A2EF000853720 /* FirebaseManager.swift */,
				04C97E141E4A8BA10026C602 /* PostManager.swift */,
				042E4F791E4B925F00CE53AE /* User.swift */,
				042E4F7B1E4B956E00CE53AE /* ProfileManager.swift */,
				046D4D681E4FFC96009BC0E2 /* ProfileTableViewCell.swift */,
			);
			path = funchatapp;
			sourceTree = "<group>";
		};
		5E77BC1CC8F4614D96F93360 /* Frameworks */ = {
			isa = PBXGroup;
			children = (
				75FEC257FDAF03D1E3A2510F /* Pods_funchatapp.framework */,
			);
			name = Frameworks;
			sourceTree = "<group>";
		};
		DA937992A1DD9145E9C0DB0E /* Pods */ = {
			isa = PBXGroup;
			children = (
				98EED15E0A537D669E4828C8 /* Pods-funchatapp.debug.xcconfig */,
				D17EA5EB3AB187157F287C72 /* Pods-funchatapp.release.xcconfig */,
			);
			name = Pods;
			sourceTree = "<group>";
		};
/* End PBXGroup section */

/* Begin PBXNativeTarget section */
		040AEF0B1E47AB300088E417 /* funchatapp */ = {
			isa = PBXNativeTarget;
			buildConfigurationList = 040AEF211E47AB300088E417 /* Build configuration list for PBXNativeTarget "funchatapp" */;
			buildPhases = (
				C3B1130D7FA0D39E22CDD196 /* [CP] Check Pods Manifest.lock */,
				040AEF081E47AB300088E417 /* Sources */,
				040AEF091E47AB300088E417 /* Frameworks */,
				040AEF0A1E47AB300088E417 /* Resources */,
				D7D901D89DD8D298E56C8646 /* [CP] Embed Pods Frameworks */,
				96FDC0AF06F83BFE2A972C14 /* [CP] Copy Pods Resources */,
			);
			buildRules = (
			);
			dependencies = (
			);
			name = funchatapp;
			productName = funchatapp;
			productReference = 040AEF0C1E47AB300088E417 /* funchatapp.app */;
			productType = "com.apple.product-type.application";
		};
/* End PBXNativeTarget section */

/* Begin PBXProject section */
		040AEF041E47AB300088E417 /* Project object */ = {
			isa = PBXProject;
			attributes = {
				LastSwiftUpdateCheck = 0820;
				LastUpgradeCheck = 0820;
				ORGANIZATIONNAME = galvanizechris;
				TargetAttributes = {
					040AEF0B1E47AB300088E417 = {
						CreatedOnToolsVersion = 8.2;
						DevelopmentTeam = HRQ4C5D6HM;
						ProvisioningStyle = Automatic;
						SystemCapabilities = {
							com.apple.Keychain = {
								enabled = 1;
							};
						};
					};
				};
			};
			buildConfigurationList = 040AEF071E47AB300088E417 /* Build configuration list for PBXProject "funchatapp" */;
			compatibilityVersion = "Xcode 3.2";
			developmentRegion = English;
			hasScannedForEncodings = 0;
			knownRegions = (
				en,
				Base,
			);
			mainGroup = 040AEF031E47AB300088E417;
			productRefGroup = 040AEF0D1E47AB300088E417 /* Products */;
			projectDirPath = "";
			projectRoot = "";
			targets = (
				040AEF0B1E47AB300088E417 /* funchatapp */,
			);
		};
/* End PBXProject section */

/* Begin PBXResourcesBuildPhase section */
		040AEF0A1E47AB300088E417 /* Resources */ = {
			isa = PBXResourcesBuildPhase;
			buildActionMask = 2147483647;
			files = (
				040AEF1D1E47AB300088E417 /* LaunchScreen.storyboard in Resources */,
				040AEF291E47AC800088E417 /* GoogleService-Info.plist in Resources */,
				040AEF1A1E47AB300088E417 /* Assets.xcassets in Resources */,
				040AEF151E47AB300088E417 /* Main.storyboard in Resources */,
			);
			runOnlyForDeploymentPostprocessing = 0;
		};
/* End PBXResourcesBuildPhase section */

/* Begin PBXShellScriptBuildPhase section */
		96FDC0AF06F83BFE2A972C14 /* [CP] Copy Pods Resources */ = {
			isa = PBXShellScriptBuildPhase;
			buildActionMask = 2147483647;
			files = (
			);
			inputPaths = (
			);
			name = "[CP] Copy Pods Resources";
			outputPaths = (
			);
			runOnlyForDeploymentPostprocessing = 0;
			shellPath = /bin/sh;
			shellScript = "\"${SRCROOT}/Pods/Target Support Files/Pods-funchatapp/Pods-funchatapp-resources.sh\"\n";
			showEnvVarsInLog = 0;
		};
		C3B1130D7FA0D39E22CDD196 /* [CP] Check Pods Manifest.lock */ = {
			isa = PBXShellScriptBuildPhase;
			buildActionMask = 2147483647;
			files = (
			);
			inputPaths = (
			);
			name = "[CP] Check Pods Manifest.lock";
			outputPaths = (
			);
			runOnlyForDeploymentPostprocessing = 0;
			shellPath = /bin/sh;
			shellScript = "diff \"${PODS_ROOT}/../Podfile.lock\" \"${PODS_ROOT}/Manifest.lock\" > /dev/null\nif [ $? != 0 ] ; then\n    # print error to STDERR\n    echo \"error: The sandbox is not in sync with the Podfile.lock. Run 'pod install' or update your CocoaPods installation.\" >&2\n    exit 1\nfi\n";
			showEnvVarsInLog = 0;
		};
		D7D901D89DD8D298E56C8646 /* [CP] Embed Pods Frameworks */ = {
			isa = PBXShellScriptBuildPhase;
			buildActionMask = 2147483647;
			files = (
			);
			inputPaths = (
			);
			name = "[CP] Embed Pods Frameworks";
			outputPaths = (
			);
			runOnlyForDeploymentPostprocessing = 0;
			shellPath = /bin/sh;
			shellScript = "\"${SRCROOT}/Pods/Target Support Files/Pods-funchatapp/Pods-funchatapp-frameworks.sh\"\n";
			showEnvVarsInLog = 0;
		};
/* End PBXShellScriptBuildPhase section */

/* Begin PBXSourcesBuildPhase section */
		040AEF081E47AB300088E417 /* Sources */ = {
			isa = PBXSourcesBuildPhase;
			buildActionMask = 2147483647;
			files = (
				040AEF121E47AB300088E417 /* ViewController.swift in Sources */,
				040AEF101E47AB300088E417 /* AppDelegate.swift in Sources */,
				04EDFB981E4A2EF000853720 /* FirebaseManager.swift in Sources */,
				042E4F7C1E4B956E00CE53AE /* ProfileManager.swift in Sources */,
				042B76531E49541300A43B73 /* ProfileTableViewController.swift in Sources */,
				042B76551E4954C500A43B73 /* ChatViewController.swift in Sources */,
				042E4F781E4B8C2300CE53AE /* chatTableViewCell.swift in Sources */,
				04C97E151E4A8BA10026C602 /* PostManager.swift in Sources */,
				040AEF181E47AB300088E417 /* funchatapp.xcdatamodeld in Sources */,
				046D4D691E4FFC96009BC0E2 /* ProfileTableViewCell.swift in Sources */,
				042E4F7A1E4B925F00CE53AE /* User.swift in Sources */,
				042B76571E49558F00A43B73 /* SettingsViewController.swift in Sources */,
			);
			runOnlyForDeploymentPostprocessing = 0;
		};
/* End PBXSourcesBuildPhase section */

/* Begin PBXVariantGroup section */
		040AEF131E47AB300088E417 /* Main.storyboard */ = {
			isa = PBXVariantGroup;
			children = (
				040AEF141E47AB300088E417 /* Base */,
			);
			name = Main.storyboard;
			sourceTree = "<group>";
		};
		040AEF1B1E47AB300088E417 /* LaunchScreen.storyboard */ = {
			isa = PBXVariantGroup;
			children = (
				040AEF1C1E47AB300088E417 /* Base */,
			);
			name = LaunchScreen.storyboard;
			sourceTree = "<group>";
		};
/* End PBXVariantGroup section */

/* Begin XCBuildConfiguration section */
		040AEF1F1E47AB300088E417 /* Debug */ = {
			isa = XCBuildConfiguration;
			buildSettings = {
				ALWAYS_SEARCH_USER_PATHS = NO;
				CLANG_ANALYZER_NONNULL = YES;
				CLANG_CXX_LANGUAGE_STANDARD = "gnu++0x";
				CLANG_CXX_LIBRARY = "libc++";
				CLANG_ENABLE_MODULES = YES;
				CLANG_ENABLE_OBJC_ARC = YES;
				CLANG_WARN_BOOL_CONVERSION = YES;
				CLANG_WARN_CONSTANT_CONVERSION = YES;
				CLANG_WARN_DIRECT_OBJC_ISA_USAGE = YES_ERROR;
				CLANG_WARN_DOCUMENTATION_COMMENTS = YES;
				CLANG_WARN_EMPTY_BODY = YES;
				CLANG_WARN_ENUM_CONVERSION = YES;
				CLANG_WARN_INFINITE_RECURSION = YES;
				CLANG_WARN_INT_CONVERSION = YES;
				CLANG_WARN_OBJC_ROOT_CLASS = YES_ERROR;
				CLANG_WARN_SUSPICIOUS_MOVE = YES;
				CLANG_WARN_UNREACHABLE_CODE = YES;
				CLANG_WARN__DUPLICATE_METHOD_MATCH = YES;
				"CODE_SIGN_IDENTITY[sdk=iphoneos*]" = "iPhone Developer";
				COPY_PHASE_STRIP = NO;
				DEBUG_INFORMATION_FORMAT = dwarf;
				ENABLE_STRICT_OBJC_MSGSEND = YES;
				ENABLE_TESTABILITY = YES;
				GCC_C_LANGUAGE_STANDARD = gnu99;
				GCC_DYNAMIC_NO_PIC = NO;
				GCC_NO_COMMON_BLOCKS = YES;
				GCC_OPTIMIZATION_LEVEL = 0;
				GCC_PREPROCESSOR_DEFINITIONS = (
					"DEBUG=1",
					"$(inherited)",
				);
				GCC_WARN_64_TO_32_BIT_CONVERSION = YES;
				GCC_WARN_ABOUT_RETURN_TYPE = YES_ERROR;
				GCC_WARN_UNDECLARED_SELECTOR = YES;
				GCC_WARN_UNINITIALIZED_AUTOS = YES_AGGRESSIVE;
				GCC_WARN_UNUSED_FUNCTION = YES;
				GCC_WARN_UNUSED_VARIABLE = YES;
				IPHONEOS_DEPLOYMENT_TARGET = 10.2;
				MTL_ENABLE_DEBUG_INFO = YES;
				ONLY_ACTIVE_ARCH = YES;
				SDKROOT = iphoneos;
				SWIFT_ACTIVE_COMPILATION_CONDITIONS = DEBUG;
				SWIFT_OPTIMIZATION_LEVEL = "-Onone";
			};
			name = Debug;
		};
		040AEF201E47AB300088E417 /* Release */ = {
			isa = XCBuildConfiguration;
			buildSettings = {
				ALWAYS_SEARCH_USER_PATHS = NO;
				CLANG_ANALYZER_NONNULL = YES;
				CLANG_CXX_LANGUAGE_STANDARD = "gnu++0x";
				CLANG_CXX_LIBRARY = "libc++";
				CLANG_ENABLE_MODULES = YES;
				CLANG_ENABLE_OBJC_ARC = YES;
				CLANG_WARN_BOOL_CONVERSION = YES;
				CLANG_WARN_CONSTANT_CONVERSION = YES;
				CLANG_WARN_DIRECT_OBJC_ISA_USAGE = YES_ERROR;
				CLANG_WARN_DOCUMENTATION_COMMENTS = YES;
				CLANG_WARN_EMPTY_BODY = YES;
				CLANG_WARN_ENUM_CONVERSION = YES;
				CLANG_WARN_INFINITE_RECURSION = YES;
				CLANG_WARN_INT_CONVERSION = YES;
				CLANG_WARN_OBJC_ROOT_CLASS = YES_ERROR;
				CLANG_WARN_SUSPICIOUS_MOVE = YES;
				CLANG_WARN_UNREACHABLE_CODE = YES;
				CLANG_WARN__DUPLICATE_METHOD_MATCH = YES;
				"CODE_SIGN_IDENTITY[sdk=iphoneos*]" = "iPhone Developer";
				COPY_PHASE_STRIP = NO;
				DEBUG_INFORMATION_FORMAT = "dwarf-with-dsym";
				ENABLE_NS_ASSERTIONS = NO;
				ENABLE_STRICT_OBJC_MSGSEND = YES;
				GCC_C_LANGUAGE_STANDARD = gnu99;
				GCC_NO_COMMON_BLOCKS = YES;
				GCC_WARN_64_TO_32_BIT_CONVERSION = YES;
				GCC_WARN_ABOUT_RETURN_TYPE = YES_ERROR;
				GCC_WARN_UNDECLARED_SELECTOR = YES;
				GCC_WARN_UNINITIALIZED_AUTOS = YES_AGGRESSIVE;
				GCC_WARN_UNUSED_FUNCTION = YES;
				GCC_WARN_UNUSED_VARIABLE = YES;
				IPHONEOS_DEPLOYMENT_TARGET = 10.2;
				MTL_ENABLE_DEBUG_INFO = NO;
				SDKROOT = iphoneos;
				SWIFT_OPTIMIZATION_LEVEL = "-Owholemodule";
				VALIDATE_PRODUCT = YES;
			};
			name = Release;
		};
		040AEF221E47AB300088E417 /* Debug */ = {
			isa = XCBuildConfiguration;
			baseConfigurationReference = 98EED15E0A537D669E4828C8 /* Pods-funchatapp.debug.xcconfig */;
			buildSettings = {
				ASSETCATALOG_COMPILER_APPICON_NAME = AppIcon;
				CODE_SIGN_ENTITLEMENTS = funchatapp/funchatapp.entitlements;
				DEVELOPMENT_TEAM = HRQ4C5D6HM;
				INFOPLIST_FILE = funchatapp/Info.plist;
				LD_RUNPATH_SEARCH_PATHS = "$(inherited) @executable_path/Frameworks";
				PRODUCT_BUNDLE_IDENTIFIER = galvanizechris.funchatapp;
				PRODUCT_NAME = "$(TARGET_NAME)";
				SWIFT_VERSION = 3.0;
			};
			name = Debug;
		};
		040AEF231E47AB300088E417 /* Release */ = {
			isa = XCBuildConfiguration;
			baseConfigurationReference = D17EA5EB3AB187157F287C72 /* Pods-funchatapp.release.xcconfig */;
			buildSettings = {
				ASSETCATALOG_COMPILER_APPICON_NAME = AppIcon;
				CODE_SIGN_ENTITLEMENTS = funchatapp/funchatapp.entitlements;
				DEVELOPMENT_TEAM = HRQ4C5D6HM;
				INFOPLIST_FILE = funchatapp/Info.plist;
				LD_RUNPATH_SEARCH_PATHS = "$(inherited) @executable_path/Frameworks";
				PRODUCT_BUNDLE_IDENTIFIER = galvanizechris.funchatapp;
				PRODUCT_NAME = "$(TARGET_NAME)";
				SWIFT_VERSION = 3.0;
			};
			name = Release;
		};
/* End XCBuildConfiguration section */

/* Begin XCConfigurationList section */
		040AEF071E47AB300088E417 /* Build configuration list for PBXProject "funchatapp" */ = {
			isa = XCConfigurationList;
			buildConfigurations = (
				040AEF1F1E47AB300088E417 /* Debug */,
				040AEF201E47AB300088E417 /* Release */,
			);
			defaultConfigurationIsVisible = 0;
			defaultConfigurationName = Release;
		};
		040AEF211E47AB300088E417 /* Build configuration list for PBXNativeTarget "funchatapp" */ = {
			isa = XCConfigurationList;
			buildConfigurations = (
				040AEF221E47AB300088E417 /* Debug */,
				040AEF231E47AB300088E417 /* Release */,
			);
			defaultConfigurationIsVisible = 0;
			defaultConfigurationName = Release;
		};
/* End XCConfigurationList section */

/* Begin XCVersionGroup section */
		040AEF161E47AB300088E417 /* funchatapp.xcdatamodeld */ = {
			isa = XCVersionGroup;
			children = (
				040AEF171E47AB300088E417 /* funchatapp.xcdatamodel */,
			);
			currentVersion = 040AEF171E47AB300088E417 /* funchatapp.xcdatamodel */;
			path = funchatapp.xcdatamodeld;
			sourceTree = "<group>";
			versionGroupType = wrapper.xcdatamodel;
		};
/* End XCVersionGroup section */
	};
	rootObject = 040AEF041E47AB300088E417 /* Project object */;
}
